
Microsoft Visual Studio Solution File, Format Version 12.00
# Visual Studio Version 17
VisualStudioVersion = 17.12.35527.113
MinimumVisualStudioVersion = 10.0.40219.1
Project("{9A19103F-16F7-4668-BE54-9A1E7A4F7556}") = "SpeechLiveUploader", "SpeechLiveUploader\SpeechLiveUploader.csproj", "{5A4B410E-0829-4A66-90B2-86D6596C2FAA}"
EndProject
Project("{FAE04EC0-301F-11D3-BF4B-00C04F79EFBC}") = "WindowsFormsApp1", "WindowsFormsApp1\WindowsFormsApp1.csproj", "{063723C9-D7B5-4382-A137-386892B670A5}"
EndProject
Project("{FAE04EC0-301F-11D3-BF4B-00C04F79EFBC}") = "ConsoleApp1", "ConsoleApp1\ConsoleApp1.csproj", "{4C507DB3-9EBA-4628-8042-B5F4DF0BC4B8}"
EndProject
Project("{FAE04EC0-301F-11D3-BF4B-00C04F79EFBC}") = "ApiKeyEncryptor", "ApiKeyEncryptor\ApiKeyEncryptor.csproj", "{15733641-2171-4620-B45E-EECFCC43F780}"
EndProject
Project("{FAE04EC0-301F-11D3-BF4B-00C04F79EFBC}") = "EncryptionLibrary", "EncryptionLibrary\EncryptionLibrary.csproj", "{5F777391-91F2-4141-9E5A-AFDE82D22FC5}"
EndProject
Global
	GlobalSection(SolutionConfigurationPlatforms) = preSolution
		Debug|Any CPU = Debug|Any CPU
		Debug|x64 = Debug|x64
		Release|Any CPU = Release|Any CPU
		Release|x64 = Release|x64
	EndGlobalSection
	GlobalSection(ProjectConfigurationPlatforms) = postSolution
		{5A4B410E-0829-4A66-90B2-86D6596C2FAA}.Debug|Any CPU.ActiveCfg = Debug|Any CPU
		{5A4B410E-0829-4A66-90B2-86D6596C2FAA}.Debug|Any CPU.Build.0 = Debug|Any CPU
		{5A4B410E-0829-4A66-90B2-86D6596C2FAA}.Debug|x64.ActiveCfg = Debug|x64
		{5A4B410E-0829-4A66-90B2-86D6596C2FAA}.Debug|x64.Build.0 = Debug|x64
		{5A4B410E-0829-4A66-90B2-86D6596C2FAA}.Release|Any CPU.ActiveCfg = Release|Any CPU
		{5A4B410E-0829-4A66-90B2-86D6596C2FAA}.Release|Any CPU.Build.0 = Release|Any CPU
		{5A4B410E-0829-4A66-90B2-86D6596C2FAA}.Release|x64.ActiveCfg = Release|x64
		{5A4B410E-0829-4A66-90B2-86D6596C2FAA}.Release|x64.Build.0 = Release|x64
		{063723C9-D7B5-4382-A137-386892B670A5}.Debug|Any CPU.ActiveCfg = Debug|Any CPU
		{063723C9-D7B5-4382-A137-386892B670A5}.Debug|Any CPU.Build.0 = Debug|Any CPU
		{063723C9-D7B5-4382-A137-386892B670A5}.Debug|x64.ActiveCfg = Debug|Any CPU
		{063723C9-D7B5-4382-A137-386892B670A5}.Debug|x64.Build.0 = Debug|Any CPU
		{063723C9-D7B5-4382-A137-386892B670A5}.Release|Any CPU.ActiveCfg = Release|Any CPU
		{063723C9-D7B5-4382-A137-386892B670A5}.Release|Any CPU.Build.0 = Release|Any CPU
		{063723C9-D7B5-4382-A137-386892B670A5}.Release|x64.ActiveCfg = Release|Any CPU
		{063723C9-D7B5-4382-A137-386892B670A5}.Release|x64.Build.0 = Release|Any CPU
		{4C507DB3-9EBA-4628-8042-B5F4DF0BC4B8}.Debug|Any CPU.ActiveCfg = Debug|Any CPU
		{4C507DB3-9EBA-4628-8042-B5F4DF0BC4B8}.Debug|Any CPU.Build.0 = Debug|Any CPU
		{4C507DB3-9EBA-4628-8042-B5F4DF0BC4B8}.Debug|x64.ActiveCfg = Debug|Any CPU
		{4C507DB3-9EBA-4628-8042-B5F4DF0BC4B8}.Debug|x64.Build.0 = Debug|Any CPU
		{4C507DB3-9EBA-4628-8042-B5F4DF0BC4B8}.Release|Any CPU.ActiveCfg = Release|Any CPU
		{4C507DB3-9EBA-4628-8042-B5F4DF0BC4B8}.Release|Any CPU.Build.0 = Release|Any CPU
		{4C507DB3-9EBA-4628-8042-B5F4DF0BC4B8}.Release|x64.ActiveCfg = Release|Any CPU
		{4C507DB3-9EBA-4628-8042-B5F4DF0BC4B8}.Release|x64.Build.0 = Release|Any CPU
		{15733641-2171-4620-B45E-EECFCC43F780}.Debug|Any CPU.ActiveCfg = Debug|Any CPU
		{15733641-2171-4620-B45E-EECFCC43F780}.Debug|Any CPU.Build.0 = Debug|Any CPU
		{15733641-2171-4620-B45E-EECFCC43F780}.Debug|x64.ActiveCfg = Debug|Any CPU
		{15733641-2171-4620-B45E-EECFCC43F780}.Debug|x64.Build.0 = Debug|Any CPU
		{15733641-2171-4620-B45E-EECFCC43F780}.Release|Any CPU.ActiveCfg = Release|Any CPU
		{15733641-2171-4620-B45E-EECFCC43F780}.Release|Any CPU.Build.0 = Release|Any CPU
		{15733641-2171-4620-B45E-EECFCC43F780}.Release|x64.ActiveCfg = Release|Any CPU
		{15733641-2171-4620-B45E-EECFCC43F780}.Release|x64.Build.0 = Release|Any CPU
		{5F777391-91F2-4141-9E5A-AFDE82D22FC5}.Debug|Any CPU.ActiveCfg = Debug|Any CPU
		{5F777391-91F2-4141-9E5A-AFDE82D22FC5}.Debug|Any CPU.Build.0 = Debug|Any CPU
		{5F777391-91F2-4141-9E5A-AFDE82D22FC5}.Debug|x64.ActiveCfg = Debug|Any CPU
		{5F777391-91F2-4141-9E5A-AFDE82D22FC5}.Debug|x64.Build.0 = Debug|Any CPU
		{5F777391-91F2-4141-9E5A-AFDE82D22FC5}.Release|Any CPU.ActiveCfg = Release|Any CPU
		{5F777391-91F2-4141-9E5A-AFDE82D22FC5}.Release|Any CPU.Build.0 = Release|Any CPU
		{5F777391-91F2-4141-9E5A-AFDE82D22FC5}.Release|x64.ActiveCfg = Release|Any CPU
		{5F777391-91F2-4141-9E5A-AFDE82D22FC5}.Release|x64.Build.0 = Release|Any CPU
	EndGlobalSection
	GlobalSection(SolutionProperties) = preSolution
		HideSolutionNode = FALSE
	EndGlobalSection
	GlobalSection(ExtensibilityGlobals) = postSolution
		SolutionGuid = {6DD0F092-5135-4F26-B13C-6B23AB6469F6}
	EndGlobalSection
EndGlobal
